
Microsoft Visual Studio Solution File, Format Version 12.00
# Visual Studio 15
VisualStudioVersion = 15.0.27703.2042
MinimumVisualStudioVersion = 10.0.40219.1
Project("{9A19103F-16F7-4668-BE54-9A1E7A4F7556}") = "SimpleCrud.Sandbox", "SimpleCrud.Sendbox\SimpleCrud.Sandbox.csproj", "{4B223CD6-58C6-4F17-BE97-4B74B52B7731}"
EndProject
Project("{9A19103F-16F7-4668-BE54-9A1E7A4F7556}") = "SimpleCrud.Shared", "SimpleCrud.Shared\SimpleCrud.Shared.csproj", "{625D6E87-A33B-4C95-AD37-089E3B3EA770}"
EndProject
Project("{9A19103F-16F7-4668-BE54-9A1E7A4F7556}") = "SimpleCrud.SchemaReader.Domain", "SimpleCrud.SchemaReader\SimpleCrud.SchemaReader.Domain.csproj", "{3AD9FE70-E8FE-4F53-A0EC-A77D859A991C}"
EndProject
Project("{FAE04EC0-301F-11D3-BF4B-00C04F79EFBC}") = "SimpleCrud.Configuration", "SimpleCrud.Configuration\SimpleCrud.Configuration.csproj", "{CC5BC878-1A21-40D0-8CF6-D35F7BE6CD54}"
EndProject
Project("{FAE04EC0-301F-11D3-BF4B-00C04F79EFBC}") = "SimpleCrud.DI", "SimpleCrud.DI\SimpleCrud.DI.csproj", "{4A2E5C2A-91C5-463B-8204-742C98E017D0}"
EndProject
Project("{FAE04EC0-301F-11D3-BF4B-00C04F79EFBC}") = "SimpleCrud.Dtos", "SimpleCrud.Dtos\SimpleCrud.Dtos.csproj", "{2660ABB7-2E1D-4E4C-A1C6-3109655775C3}"
EndProject
Project("{FAE04EC0-301F-11D3-BF4B-00C04F79EFBC}") = "SimpleCrud.MapperConfiguration", "SimpleCrud.Mapper\SimpleCrud.MapperConfiguration.csproj", "{D8A1B813-409E-49FE-A3E3-CD7A9BBCCEB9}"
EndProject
Project("{2150E333-8FDC-42A3-9474-1A3956D46DE8}") = "SimpleCrud.SchemaReader", "SimpleCrud.SchemaReader", "{3D368717-07DE-4F49-986A-60D4EA694130}"
EndProject
Project("{FAE04EC0-301F-11D3-BF4B-00C04F79EFBC}") = "SimpleCrud.SchemaReader.AppLogic", "SimpleCrud.SchemaReader.AppLogic\SimpleCrud.SchemaReader.AppLogic.csproj", "{7C03E0D6-D82D-4283-B958-23967E91BEA9}"
EndProject
Project("{2150E333-8FDC-42A3-9474-1A3956D46DE8}") = "SimpleCrud.CodeGenerator", "SimpleCrud.CodeGenerator", "{2FEDD634-A250-48E7-8738-A9A83ADFF2B1}"
EndProject
Project("{FAE04EC0-301F-11D3-BF4B-00C04F79EFBC}") = "SimpleCrud.CodeGenerator.AppLogic", "SimpleCrud.CodeGenerator.AppLogic\SimpleCrud.CodeGenerator.AppLogic.csproj", "{C26178C1-A815-4612-9452-41A6763D892C}"
EndProject
Project("{FAE04EC0-301F-11D3-BF4B-00C04F79EFBC}") = "SimpleCrud.CodeGenerator.Domain", "SimpleCrud.CodeGenerator.Domain\SimpleCrud.CodeGenerator.Domain.csproj", "{9031DFB8-1A1F-4B68-A35A-9EB09F6095DA}"
EndProject
Global
	GlobalSection(SolutionConfigurationPlatforms) = preSolution
		Debug|Any CPU = Debug|Any CPU
		Release|Any CPU = Release|Any CPU
	EndGlobalSection
	GlobalSection(ProjectConfigurationPlatforms) = postSolution
		{4B223CD6-58C6-4F17-BE97-4B74B52B7731}.Debug|Any CPU.ActiveCfg = Debug|Any CPU
		{4B223CD6-58C6-4F17-BE97-4B74B52B7731}.Debug|Any CPU.Build.0 = Debug|Any CPU
		{4B223CD6-58C6-4F17-BE97-4B74B52B7731}.Release|Any CPU.ActiveCfg = Release|Any CPU
		{4B223CD6-58C6-4F17-BE97-4B74B52B7731}.Release|Any CPU.Build.0 = Release|Any CPU
		{625D6E87-A33B-4C95-AD37-089E3B3EA770}.Debug|Any CPU.ActiveCfg = Debug|Any CPU
		{625D6E87-A33B-4C95-AD37-089E3B3EA770}.Debug|Any CPU.Build.0 = Debug|Any CPU
		{625D6E87-A33B-4C95-AD37-089E3B3EA770}.Release|Any CPU.ActiveCfg = Release|Any CPU
		{625D6E87-A33B-4C95-AD37-089E3B3EA770}.Release|Any CPU.Build.0 = Release|Any CPU
		{3AD9FE70-E8FE-4F53-A0EC-A77D859A991C}.Debug|Any CPU.ActiveCfg = Debug|Any CPU
		{3AD9FE70-E8FE-4F53-A0EC-A77D859A991C}.Debug|Any CPU.Build.0 = Debug|Any CPU
		{3AD9FE70-E8FE-4F53-A0EC-A77D859A991C}.Release|Any CPU.ActiveCfg = Release|Any CPU
		{3AD9FE70-E8FE-4F53-A0EC-A77D859A991C}.Release|Any CPU.Build.0 = Release|Any CPU
		{CC5BC878-1A21-40D0-8CF6-D35F7BE6CD54}.Debug|Any CPU.ActiveCfg = Debug|Any CPU
		{CC5BC878-1A21-40D0-8CF6-D35F7BE6CD54}.Debug|Any CPU.Build.0 = Debug|Any CPU
		{CC5BC878-1A21-40D0-8CF6-D35F7BE6CD54}.Release|Any CPU.ActiveCfg = Release|Any CPU
		{CC5BC878-1A21-40D0-8CF6-D35F7BE6CD54}.Release|Any CPU.Build.0 = Release|Any CPU
		{4A2E5C2A-91C5-463B-8204-742C98E017D0}.Debug|Any CPU.ActiveCfg = Debug|Any CPU
		{4A2E5C2A-91C5-463B-8204-742C98E017D0}.Debug|Any CPU.Build.0 = Debug|Any CPU
		{4A2E5C2A-91C5-463B-8204-742C98E017D0}.Release|Any CPU.ActiveCfg = Release|Any CPU
		{4A2E5C2A-91C5-463B-8204-742C98E017D0}.Release|Any CPU.Build.0 = Release|Any CPU
		{2660ABB7-2E1D-4E4C-A1C6-3109655775C3}.Debug|Any CPU.ActiveCfg = Debug|Any CPU
		{2660ABB7-2E1D-4E4C-A1C6-3109655775C3}.Debug|Any CPU.Build.0 = Debug|Any CPU
		{2660ABB7-2E1D-4E4C-A1C6-3109655775C3}.Release|Any CPU.ActiveCfg = Release|Any CPU
		{2660ABB7-2E1D-4E4C-A1C6-3109655775C3}.Release|Any CPU.Build.0 = Release|Any CPU
		{D8A1B813-409E-49FE-A3E3-CD7A9BBCCEB9}.Debug|Any CPU.ActiveCfg = Debug|Any CPU
		{D8A1B813-409E-49FE-A3E3-CD7A9BBCCEB9}.Debug|Any CPU.Build.0 = Debug|Any CPU
		{D8A1B813-409E-49FE-A3E3-CD7A9BBCCEB9}.Release|Any CPU.ActiveCfg = Release|Any CPU
		{D8A1B813-409E-49FE-A3E3-CD7A9BBCCEB9}.Release|Any CPU.Build.0 = Release|Any CPU
		{7C03E0D6-D82D-4283-B958-23967E91BEA9}.Debug|Any CPU.ActiveCfg = Debug|Any CPU
		{7C03E0D6-D82D-4283-B958-23967E91BEA9}.Debug|Any CPU.Build.0 = Debug|Any CPU
		{7C03E0D6-D82D-4283-B958-23967E91BEA9}.Release|Any CPU.ActiveCfg = Release|Any CPU
		{7C03E0D6-D82D-4283-B958-23967E91BEA9}.Release|Any CPU.Build.0 = Release|Any CPU
		{C26178C1-A815-4612-9452-41A6763D892C}.Debug|Any CPU.ActiveCfg = Debug|Any CPU
		{C26178C1-A815-4612-9452-41A6763D892C}.Debug|Any CPU.Build.0 = Debug|Any CPU
		{C26178C1-A815-4612-9452-41A6763D892C}.Release|Any CPU.ActiveCfg = Release|Any CPU
		{C26178C1-A815-4612-9452-41A6763D892C}.Release|Any CPU.Build.0 = Release|Any CPU
		{9031DFB8-1A1F-4B68-A35A-9EB09F6095DA}.Debug|Any CPU.ActiveCfg = Debug|Any CPU
		{9031DFB8-1A1F-4B68-A35A-9EB09F6095DA}.Debug|Any CPU.Build.0 = Debug|Any CPU
		{9031DFB8-1A1F-4B68-A35A-9EB09F6095DA}.Release|Any CPU.ActiveCfg = Release|Any CPU
		{9031DFB8-1A1F-4B68-A35A-9EB09F6095DA}.Release|Any CPU.Build.0 = Release|Any CPU
	EndGlobalSection
	GlobalSection(SolutionProperties) = preSolution
		HideSolutionNode = FALSE
	EndGlobalSection
	GlobalSection(NestedProjects) = preSolution
		{3AD9FE70-E8FE-4F53-A0EC-A77D859A991C} = {3D368717-07DE-4F49-986A-60D4EA694130}
		{7C03E0D6-D82D-4283-B958-23967E91BEA9} = {3D368717-07DE-4F49-986A-60D4EA694130}
		{C26178C1-A815-4612-9452-41A6763D892C} = {2FEDD634-A250-48E7-8738-A9A83ADFF2B1}
		{9031DFB8-1A1F-4B68-A35A-9EB09F6095DA} = {2FEDD634-A250-48E7-8738-A9A83ADFF2B1}
	EndGlobalSection
	GlobalSection(ExtensibilityGlobals) = postSolution
		SolutionGuid = {B3F7F323-B543-4935-B861-58CD3A74DA01}
	EndGlobalSection
EndGlobal
